{
  "name": "lyg",
  "lockfileVersion": 2,
  "requires": true,
  "packages": {
    "": {
      "dependencies": {
        "uqrcodejs": "^4.0.6"
      }
    },
    "node_modules/uqrcodejs": {
      "version": "4.0.6",
      "resolved": "https://registry.npmmirror.com/uqrcodejs/-/uqrcodejs-4.0.6.tgz",
      "integrity": "sha512-0W8EtXIyS8Nxr+4Libl1BBYlc1RaNOXhuPZmyRO9ncIRtEMdz5mOob33vIFTl+e08IKsV28i/rZPkbXLJh884A=="
    }
  },
  "dependencies": {
    "uqrcodejs": {
      "version": "4.0.6",
      "resolved": "https://registry.npmmirror.com/uqrcodejs/-/uqrcodejs-4.0.6.tgz",
      "integrity": "sha512-0W8EtXIyS8Nxr+4Libl1BBYlc1RaNOXhuPZmyRO9ncIRtEMdz5mOob33vIFTl+e08IKsV28i/rZPkbXLJh884A=="
    }
  }
}
